
Microsoft Visual Studio Solution File, Format Version 12.00
# Visual Studio Version 16
VisualStudioVersion = 16.0.31515.178
MinimumVisualStudioVersion = 10.0.40219.1
Project("{FAE04EC0-301F-11D3-BF4B-00C04F79EFBC}") = "Nebula", "Nebula\Nebula.csproj", "{C6334B8A-84F4-475D-8659-088F8DC7A27E}"
EndProject
Project("{9A19103F-16F7-4668-BE54-9A1E7A4F7556}") = "tsubasa", "tsubasa\tsubasa\tsubasa.csproj", "{D1DA1EC3-0170-4045-A9DA-723D2D6F202A}"
EndProject
Project("{FAE04EC0-301F-11D3-BF4B-00C04F79EFBC}") = "CrawlerConsole", "CrawlerConsole\CrawlerConsole.csproj", "{E3E6875F-8DCB-4E31-8E32-F6D9B0EE6961}"
EndProject
Global
	GlobalSection(SolutionConfigurationPlatforms) = preSolution
		Debug_Linux|Any CPU = Debug_Linux|Any CPU
		Debug_Linux|x64 = Debug_Linux|x64
		Debug_Linux|x86 = Debug_Linux|x86
		Debug_Win|Any CPU = Debug_Win|Any CPU
		Debug_Win|x64 = Debug_Win|x64
		Debug_Win|x86 = Debug_Win|x86
		Debug|Any CPU = Debug|Any CPU
		Debug|x64 = Debug|x64
		Debug|x86 = Debug|x86
		Release_Linux|Any CPU = Release_Linux|Any CPU
		Release_Linux|x64 = Release_Linux|x64
		Release_Linux|x86 = Release_Linux|x86
		Release_Win|Any CPU = Release_Win|Any CPU
		Release_Win|x64 = Release_Win|x64
		Release_Win|x86 = Release_Win|x86
		Release|Any CPU = Release|Any CPU
		Release|x64 = Release|x64
		Release|x86 = Release|x86
		Windows_Debug|Any CPU = Windows_Debug|Any CPU
		Windows_Debug|x64 = Windows_Debug|x64
		Windows_Debug|x86 = Windows_Debug|x86
	EndGlobalSection
	GlobalSection(ProjectConfigurationPlatforms) = postSolution
		{C6334B8A-84F4-475D-8659-088F8DC7A27E}.Debug_Linux|Any CPU.ActiveCfg = Debug|Any CPU
		{C6334B8A-84F4-475D-8659-088F8DC7A27E}.Debug_Linux|Any CPU.Build.0 = Debug|Any CPU
		{C6334B8A-84F4-475D-8659-088F8DC7A27E}.Debug_Linux|x64.ActiveCfg = Debug|Any CPU
		{C6334B8A-84F4-475D-8659-088F8DC7A27E}.Debug_Linux|x64.Build.0 = Debug|Any CPU
		{C6334B8A-84F4-475D-8659-088F8DC7A27E}.Debug_Linux|x86.ActiveCfg = Debug|Any CPU
		{C6334B8A-84F4-475D-8659-088F8DC7A27E}.Debug_Linux|x86.Build.0 = Debug|Any CPU
		{C6334B8A-84F4-475D-8659-088F8DC7A27E}.Debug_Win|Any CPU.ActiveCfg = Debug|Any CPU
		{C6334B8A-84F4-475D-8659-088F8DC7A27E}.Debug_Win|Any CPU.Build.0 = Debug|Any CPU
		{C6334B8A-84F4-475D-8659-088F8DC7A27E}.Debug_Win|x64.ActiveCfg = Debug|Any CPU
		{C6334B8A-84F4-475D-8659-088F8DC7A27E}.Debug_Win|x64.Build.0 = Debug|Any CPU
		{C6334B8A-84F4-475D-8659-088F8DC7A27E}.Debug_Win|x86.ActiveCfg = Debug|Any CPU
		{C6334B8A-84F4-475D-8659-088F8DC7A27E}.Debug_Win|x86.Build.0 = Debug|Any CPU
		{C6334B8A-84F4-475D-8659-088F8DC7A27E}.Debug|Any CPU.ActiveCfg = Debug|Any CPU
		{C6334B8A-84F4-475D-8659-088F8DC7A27E}.Debug|Any CPU.Build.0 = Debug|Any CPU
		{C6334B8A-84F4-475D-8659-088F8DC7A27E}.Debug|x64.ActiveCfg = Debug|x64
		{C6334B8A-84F4-475D-8659-088F8DC7A27E}.Debug|x64.Build.0 = Debug|x64
		{C6334B8A-84F4-475D-8659-088F8DC7A27E}.Debug|x86.ActiveCfg = Debug|Any CPU
		{C6334B8A-84F4-475D-8659-088F8DC7A27E}.Debug|x86.Build.0 = Debug|Any CPU
		{C6334B8A-84F4-475D-8659-088F8DC7A27E}.Release_Linux|Any CPU.ActiveCfg = Release|Any CPU
		{C6334B8A-84F4-475D-8659-088F8DC7A27E}.Release_Linux|Any CPU.Build.0 = Release|Any CPU
		{C6334B8A-84F4-475D-8659-088F8DC7A27E}.Release_Linux|x64.ActiveCfg = Release|Any CPU
		{C6334B8A-84F4-475D-8659-088F8DC7A27E}.Release_Linux|x64.Build.0 = Release|Any CPU
		{C6334B8A-84F4-475D-8659-088F8DC7A27E}.Release_Linux|x86.ActiveCfg = Release|Any CPU
		{C6334B8A-84F4-475D-8659-088F8DC7A27E}.Release_Linux|x86.Build.0 = Release|Any CPU
		{C6334B8A-84F4-475D-8659-088F8DC7A27E}.Release_Win|Any CPU.ActiveCfg = Release|Any CPU
		{C6334B8A-84F4-475D-8659-088F8DC7A27E}.Release_Win|Any CPU.Build.0 = Release|Any CPU
		{C6334B8A-84F4-475D-8659-088F8DC7A27E}.Release_Win|x64.ActiveCfg = Release|Any CPU
		{C6334B8A-84F4-475D-8659-088F8DC7A27E}.Release_Win|x64.Build.0 = Release|Any CPU
		{C6334B8A-84F4-475D-8659-088F8DC7A27E}.Release_Win|x86.ActiveCfg = Release|Any CPU
		{C6334B8A-84F4-475D-8659-088F8DC7A27E}.Release_Win|x86.Build.0 = Release|Any CPU
		{C6334B8A-84F4-475D-8659-088F8DC7A27E}.Release|Any CPU.ActiveCfg = Release|Any CPU
		{C6334B8A-84F4-475D-8659-088F8DC7A27E}.Release|Any CPU.Build.0 = Release|Any CPU
		{C6334B8A-84F4-475D-8659-088F8DC7A27E}.Release|x64.ActiveCfg = Release|Any CPU
		{C6334B8A-84F4-475D-8659-088F8DC7A27E}.Release|x64.Build.0 = Release|Any CPU
		{C6334B8A-84F4-475D-8659-088F8DC7A27E}.Release|x86.ActiveCfg = Release|Any CPU
		{C6334B8A-84F4-475D-8659-088F8DC7A27E}.Release|x86.Build.0 = Release|Any CPU
		{C6334B8A-84F4-475D-8659-088F8DC7A27E}.Windows_Debug|Any CPU.ActiveCfg = Debug|Any CPU
		{C6334B8A-84F4-475D-8659-088F8DC7A27E}.Windows_Debug|Any CPU.Build.0 = Debug|Any CPU
		{C6334B8A-84F4-475D-8659-088F8DC7A27E}.Windows_Debug|x64.ActiveCfg = Debug|Any CPU
		{C6334B8A-84F4-475D-8659-088F8DC7A27E}.Windows_Debug|x64.Build.0 = Debug|Any CPU
		{C6334B8A-84F4-475D-8659-088F8DC7A27E}.Windows_Debug|x86.ActiveCfg = Debug|Any CPU
		{C6334B8A-84F4-475D-8659-088F8DC7A27E}.Windows_Debug|x86.Build.0 = Debug|Any CPU
		{D1DA1EC3-0170-4045-A9DA-723D2D6F202A}.Debug_Linux|Any CPU.ActiveCfg = Debug_Linux|Any CPU
		{D1DA1EC3-0170-4045-A9DA-723D2D6F202A}.Debug_Linux|Any CPU.Build.0 = Debug_Linux|Any CPU
		{D1DA1EC3-0170-4045-A9DA-723D2D6F202A}.Debug_Linux|x64.ActiveCfg = Debug_Linux|x64
		{D1DA1EC3-0170-4045-A9DA-723D2D6F202A}.Debug_Linux|x64.Build.0 = Debug_Linux|x64
		{D1DA1EC3-0170-4045-A9DA-723D2D6F202A}.Debug_Linux|x86.ActiveCfg = Debug_Linux|x86
		{D1DA1EC3-0170-4045-A9DA-723D2D6F202A}.Debug_Linux|x86.Build.0 = Debug_Linux|x86
		{D1DA1EC3-0170-4045-A9DA-723D2D6F202A}.Debug_Win|Any CPU.ActiveCfg = Debug_Win|Any CPU
		{D1DA1EC3-0170-4045-A9DA-723D2D6F202A}.Debug_Win|Any CPU.Build.0 = Debug_Win|Any CPU
		{D1DA1EC3-0170-4045-A9DA-723D2D6F202A}.Debug_Win|x64.ActiveCfg = Debug_Win|x64
		{D1DA1EC3-0170-4045-A9DA-723D2D6F202A}.Debug_Win|x64.Build.0 = Debug_Win|x64
		{D1DA1EC3-0170-4045-A9DA-723D2D6F202A}.Debug_Win|x86.ActiveCfg = Debug_Win|x86
		{D1DA1EC3-0170-4045-A9DA-723D2D6F202A}.Debug_Win|x86.Build.0 = Debug_Win|x86
		{D1DA1EC3-0170-4045-A9DA-723D2D6F202A}.Debug|Any CPU.ActiveCfg = Debug|Any CPU
		{D1DA1EC3-0170-4045-A9DA-723D2D6F202A}.Debug|Any CPU.Build.0 = Debug|Any CPU
		{D1DA1EC3-0170-4045-A9DA-723D2D6F202A}.Debug|x64.ActiveCfg = Debug|x64
		{D1DA1EC3-0170-4045-A9DA-723D2D6F202A}.Debug|x64.Build.0 = Debug|x64
		{D1DA1EC3-0170-4045-A9DA-723D2D6F202A}.Debug|x86.ActiveCfg = Debug|x86
		{D1DA1EC3-0170-4045-A9DA-723D2D6F202A}.Debug|x86.Build.0 = Debug|x86
		{D1DA1EC3-0170-4045-A9DA-723D2D6F202A}.Release_Linux|Any CPU.ActiveCfg = Release_Linux|Any CPU
		{D1DA1EC3-0170-4045-A9DA-723D2D6F202A}.Release_Linux|Any CPU.Build.0 = Release_Linux|Any CPU
		{D1DA1EC3-0170-4045-A9DA-723D2D6F202A}.Release_Linux|x64.ActiveCfg = Release_Linux|x64
		{D1DA1EC3-0170-4045-A9DA-723D2D6F202A}.Release_Linux|x64.Build.0 = Release_Linux|x64
		{D1DA1EC3-0170-4045-A9DA-723D2D6F202A}.Release_Linux|x86.ActiveCfg = Release_Linux|x86
		{D1DA1EC3-0170-4045-A9DA-723D2D6F202A}.Release_Linux|x86.Build.0 = Release_Linux|x86
		{D1DA1EC3-0170-4045-A9DA-723D2D6F202A}.Release_Win|Any CPU.ActiveCfg = Release_Win|Any CPU
		{D1DA1EC3-0170-4045-A9DA-723D2D6F202A}.Release_Win|Any CPU.Build.0 = Release_Win|Any CPU
		{D1DA1EC3-0170-4045-A9DA-723D2D6F202A}.Release_Win|x64.ActiveCfg = Release_Win|x64
		{D1DA1EC3-0170-4045-A9DA-723D2D6F202A}.Release_Win|x64.Build.0 = Release_Win|x64
		{D1DA1EC3-0170-4045-A9DA-723D2D6F202A}.Release_Win|x86.ActiveCfg = Release_Win|x86
		{D1DA1EC3-0170-4045-A9DA-723D2D6F202A}.Release_Win|x86.Build.0 = Release_Win|x86
		{D1DA1EC3-0170-4045-A9DA-723D2D6F202A}.Release|Any CPU.ActiveCfg = Release|Any CPU
		{D1DA1EC3-0170-4045-A9DA-723D2D6F202A}.Release|Any CPU.Build.0 = Release|Any CPU
		{D1DA1EC3-0170-4045-A9DA-723D2D6F202A}.Release|x64.ActiveCfg = Release|x64
		{D1DA1EC3-0170-4045-A9DA-723D2D6F202A}.Release|x64.Build.0 = Release|x64
		{D1DA1EC3-0170-4045-A9DA-723D2D6F202A}.Release|x86.ActiveCfg = Release|x86
		{D1DA1EC3-0170-4045-A9DA-723D2D6F202A}.Release|x86.Build.0 = Release|x86
		{D1DA1EC3-0170-4045-A9DA-723D2D6F202A}.Windows_Debug|Any CPU.ActiveCfg = Windows_Debug|Any CPU
		{D1DA1EC3-0170-4045-A9DA-723D2D6F202A}.Windows_Debug|Any CPU.Build.0 = Windows_Debug|Any CPU
		{D1DA1EC3-0170-4045-A9DA-723D2D6F202A}.Windows_Debug|x64.ActiveCfg = Windows_Debug|x64
		{D1DA1EC3-0170-4045-A9DA-723D2D6F202A}.Windows_Debug|x64.Build.0 = Windows_Debug|x64
		{D1DA1EC3-0170-4045-A9DA-723D2D6F202A}.Windows_Debug|x86.ActiveCfg = Windows_Debug|x86
		{D1DA1EC3-0170-4045-A9DA-723D2D6F202A}.Windows_Debug|x86.Build.0 = Windows_Debug|x86
		{E3E6875F-8DCB-4E31-8E32-F6D9B0EE6961}.Debug_Linux|Any CPU.ActiveCfg = Debug|Any CPU
		{E3E6875F-8DCB-4E31-8E32-F6D9B0EE6961}.Debug_Linux|Any CPU.Build.0 = Debug|Any CPU
		{E3E6875F-8DCB-4E31-8E32-F6D9B0EE6961}.Debug_Linux|x64.ActiveCfg = Debug|Any CPU
		{E3E6875F-8DCB-4E31-8E32-F6D9B0EE6961}.Debug_Linux|x64.Build.0 = Debug|Any CPU
		{E3E6875F-8DCB-4E31-8E32-F6D9B0EE6961}.Debug_Linux|x86.ActiveCfg = Debug|Any CPU
		{E3E6875F-8DCB-4E31-8E32-F6D9B0EE6961}.Debug_Linux|x86.Build.0 = Debug|Any CPU
		{E3E6875F-8DCB-4E31-8E32-F6D9B0EE6961}.Debug_Win|Any CPU.ActiveCfg = Debug|Any CPU
		{E3E6875F-8DCB-4E31-8E32-F6D9B0EE6961}.Debug_Win|Any CPU.Build.0 = Debug|Any CPU
		{E3E6875F-8DCB-4E31-8E32-F6D9B0EE6961}.Debug_Win|x64.ActiveCfg = Debug|Any CPU
		{E3E6875F-8DCB-4E31-8E32-F6D9B0EE6961}.Debug_Win|x64.Build.0 = Debug|Any CPU
		{E3E6875F-8DCB-4E31-8E32-F6D9B0EE6961}.Debug_Win|x86.ActiveCfg = Debug|Any CPU
		{E3E6875F-8DCB-4E31-8E32-F6D9B0EE6961}.Debug_Win|x86.Build.0 = Debug|Any CPU
		{E3E6875F-8DCB-4E31-8E32-F6D9B0EE6961}.Debug|Any CPU.ActiveCfg = Debug|Any CPU
		{E3E6875F-8DCB-4E31-8E32-F6D9B0EE6961}.Debug|Any CPU.Build.0 = Debug|Any CPU
		{E3E6875F-8DCB-4E31-8E32-F6D9B0EE6961}.Debug|x64.ActiveCfg = Debug|x64
		{E3E6875F-8DCB-4E31-8E32-F6D9B0EE6961}.Debug|x64.Build.0 = Debug|x64
		{E3E6875F-8DCB-4E31-8E32-F6D9B0EE6961}.Debug|x86.ActiveCfg = Debug|Any CPU
		{E3E6875F-8DCB-4E31-8E32-F6D9B0EE6961}.Debug|x86.Build.0 = Debug|Any CPU
		{E3E6875F-8DCB-4E31-8E32-F6D9B0EE6961}.Release_Linux|Any CPU.ActiveCfg = Release|Any CPU
		{E3E6875F-8DCB-4E31-8E32-F6D9B0EE6961}.Release_Linux|Any CPU.Build.0 = Release|Any CPU
		{E3E6875F-8DCB-4E31-8E32-F6D9B0EE6961}.Release_Linux|x64.ActiveCfg = Release|Any CPU
		{E3E6875F-8DCB-4E31-8E32-F6D9B0EE6961}.Release_Linux|x64.Build.0 = Release|Any CPU
		{E3E6875F-8DCB-4E31-8E32-F6D9B0EE6961}.Release_Linux|x86.ActiveCfg = Release|Any CPU
		{E3E6875F-8DCB-4E31-8E32-F6D9B0EE6961}.Release_Linux|x86.Build.0 = Release|Any CPU
		{E3E6875F-8DCB-4E31-8E32-F6D9B0EE6961}.Release_Win|Any CPU.ActiveCfg = Release|Any CPU
		{E3E6875F-8DCB-4E31-8E32-F6D9B0EE6961}.Release_Win|Any CPU.Build.0 = Release|Any CPU
		{E3E6875F-8DCB-4E31-8E32-F6D9B0EE6961}.Release_Win|x64.ActiveCfg = Release|Any CPU
		{E3E6875F-8DCB-4E31-8E32-F6D9B0EE6961}.Release_Win|x64.Build.0 = Release|Any CPU
		{E3E6875F-8DCB-4E31-8E32-F6D9B0EE6961}.Release_Win|x86.ActiveCfg = Release|Any CPU
		{E3E6875F-8DCB-4E31-8E32-F6D9B0EE6961}.Release_Win|x86.Build.0 = Release|Any CPU
		{E3E6875F-8DCB-4E31-8E32-F6D9B0EE6961}.Release|Any CPU.ActiveCfg = Release|Any CPU
		{E3E6875F-8DCB-4E31-8E32-F6D9B0EE6961}.Release|Any CPU.Build.0 = Release|Any CPU
		{E3E6875F-8DCB-4E31-8E32-F6D9B0EE6961}.Release|x64.ActiveCfg = Release|Any CPU
		{E3E6875F-8DCB-4E31-8E32-F6D9B0EE6961}.Release|x64.Build.0 = Release|Any CPU
		{E3E6875F-8DCB-4E31-8E32-F6D9B0EE6961}.Release|x86.ActiveCfg = Release|Any CPU
		{E3E6875F-8DCB-4E31-8E32-F6D9B0EE6961}.Release|x86.Build.0 = Release|Any CPU
		{E3E6875F-8DCB-4E31-8E32-F6D9B0EE6961}.Windows_Debug|Any CPU.ActiveCfg = Debug|Any CPU
		{E3E6875F-8DCB-4E31-8E32-F6D9B0EE6961}.Windows_Debug|Any CPU.Build.0 = Debug|Any CPU
		{E3E6875F-8DCB-4E31-8E32-F6D9B0EE6961}.Windows_Debug|x64.ActiveCfg = Debug|Any CPU
		{E3E6875F-8DCB-4E31-8E32-F6D9B0EE6961}.Windows_Debug|x64.Build.0 = Debug|Any CPU
		{E3E6875F-8DCB-4E31-8E32-F6D9B0EE6961}.Windows_Debug|x86.ActiveCfg = Debug|Any CPU
		{E3E6875F-8DCB-4E31-8E32-F6D9B0EE6961}.Windows_Debug|x86.Build.0 = Debug|Any CPU
	EndGlobalSection
	GlobalSection(SolutionProperties) = preSolution
		HideSolutionNode = FALSE
	EndGlobalSection
	GlobalSection(ExtensibilityGlobals) = postSolution
		SolutionGuid = {326CA124-2C7A-4D78-AE49-781E4336EC39}
	EndGlobalSection
EndGlobal
